
Microsoft Visual Studio Solution File, Format Version 12.00
# Visual Studio Version 17
VisualStudioVersion = 17.2.32505.173
MinimumVisualStudioVersion = 10.0.40219.1
Project("{FAE04EC0-301F-11D3-BF4B-00C04F79EFBC}") = "TrainingCoursesMobile.Android", "TrainingCoursesMobile\TrainingCoursesMobile.Android\TrainingCoursesMobile.Android.csproj", "{DDE7877B-0534-45C2-9F03-C088F75F5C43}"
EndProject
Project("{FAE04EC0-301F-11D3-BF4B-00C04F79EFBC}") = "TrainingCoursesMobile.iOS", "TrainingCoursesMobile\TrainingCoursesMobile.iOS\TrainingCoursesMobile.iOS.csproj", "{039F0242-BFCC-4D76-B2CC-A6B2B65F432F}"
EndProject
Project("{FAE04EC0-301F-11D3-BF4B-00C04F79EFBC}") = "TrainingCoursesMobile", "TrainingCoursesMobile\TrainingCoursesMobile\TrainingCoursesMobile.csproj", "{E6B033B9-CBD5-41FB-8B35-A0C3F776CDEB}"
EndProject
Global
	GlobalSection(SolutionConfigurationPlatforms) = preSolution
		Debug|Any CPU = Debug|Any CPU
		Debug|iPhone = Debug|iPhone
		Debug|iPhoneSimulator = Debug|iPhoneSimulator
		Release|Any CPU = Release|Any CPU
		Release|iPhone = Release|iPhone
		Release|iPhoneSimulator = Release|iPhoneSimulator
	EndGlobalSection
	GlobalSection(ProjectConfigurationPlatforms) = postSolution
		{DDE7877B-0534-45C2-9F03-C088F75F5C43}.Debug|Any CPU.ActiveCfg = Debug|Any CPU
		{DDE7877B-0534-45C2-9F03-C088F75F5C43}.Debug|Any CPU.Build.0 = Debug|Any CPU
		{DDE7877B-0534-45C2-9F03-C088F75F5C43}.Debug|Any CPU.Deploy.0 = Debug|Any CPU
		{DDE7877B-0534-45C2-9F03-C088F75F5C43}.Debug|iPhone.ActiveCfg = Debug|Any CPU
		{DDE7877B-0534-45C2-9F03-C088F75F5C43}.Debug|iPhone.Build.0 = Debug|Any CPU
		{DDE7877B-0534-45C2-9F03-C088F75F5C43}.Debug|iPhone.Deploy.0 = Debug|Any CPU
		{DDE7877B-0534-45C2-9F03-C088F75F5C43}.Debug|iPhoneSimulator.ActiveCfg = Debug|Any CPU
		{DDE7877B-0534-45C2-9F03-C088F75F5C43}.Debug|iPhoneSimulator.Build.0 = Debug|Any CPU
		{DDE7877B-0534-45C2-9F03-C088F75F5C43}.Debug|iPhoneSimulator.Deploy.0 = Debug|Any CPU
		{DDE7877B-0534-45C2-9F03-C088F75F5C43}.Release|Any CPU.ActiveCfg = Release|Any CPU
		{DDE7877B-0534-45C2-9F03-C088F75F5C43}.Release|Any CPU.Build.0 = Release|Any CPU
		{DDE7877B-0534-45C2-9F03-C088F75F5C43}.Release|Any CPU.Deploy.0 = Release|Any CPU
		{DDE7877B-0534-45C2-9F03-C088F75F5C43}.Release|iPhone.ActiveCfg = Release|Any CPU
		{DDE7877B-0534-45C2-9F03-C088F75F5C43}.Release|iPhone.Build.0 = Release|Any CPU
		{DDE7877B-0534-45C2-9F03-C088F75F5C43}.Release|iPhone.Deploy.0 = Release|Any CPU
		{DDE7877B-0534-45C2-9F03-C088F75F5C43}.Release|iPhoneSimulator.ActiveCfg = Release|Any CPU
		{DDE7877B-0534-45C2-9F03-C088F75F5C43}.Release|iPhoneSimulator.Build.0 = Release|Any CPU
		{DDE7877B-0534-45C2-9F03-C088F75F5C43}.Release|iPhoneSimulator.Deploy.0 = Release|Any CPU
		{039F0242-BFCC-4D76-B2CC-A6B2B65F432F}.Debug|Any CPU.ActiveCfg = Debug|iPhone
		{039F0242-BFCC-4D76-B2CC-A6B2B65F432F}.Debug|Any CPU.Build.0 = Debug|iPhone
		{039F0242-BFCC-4D76-B2CC-A6B2B65F432F}.Debug|Any CPU.Deploy.0 = Debug|iPhone
		{039F0242-BFCC-4D76-B2CC-A6B2B65F432F}.Debug|iPhone.ActiveCfg = Debug|iPhone
		{039F0242-BFCC-4D76-B2CC-A6B2B65F432F}.Debug|iPhone.Build.0 = Debug|iPhone
		{039F0242-BFCC-4D76-B2CC-A6B2B65F432F}.Debug|iPhone.Deploy.0 = Debug|iPhone
		{039F0242-BFCC-4D76-B2CC-A6B2B65F432F}.Debug|iPhoneSimulator.ActiveCfg = Debug|iPhoneSimulator
		{039F0242-BFCC-4D76-B2CC-A6B2B65F432F}.Debug|iPhoneSimulator.Build.0 = Debug|iPhoneSimulator
		{039F0242-BFCC-4D76-B2CC-A6B2B65F432F}.Debug|iPhoneSimulator.Deploy.0 = Debug|iPhoneSimulator
		{039F0242-BFCC-4D76-B2CC-A6B2B65F432F}.Release|Any CPU.ActiveCfg = Release|iPhoneSimulator
		{039F0242-BFCC-4D76-B2CC-A6B2B65F432F}.Release|Any CPU.Build.0 = Release|iPhoneSimulator
		{039F0242-BFCC-4D76-B2CC-A6B2B65F432F}.Release|Any CPU.Deploy.0 = Release|iPhoneSimulator
		{039F0242-BFCC-4D76-B2CC-A6B2B65F432F}.Release|iPhone.ActiveCfg = Release|iPhone
		{039F0242-BFCC-4D76-B2CC-A6B2B65F432F}.Release|iPhone.Build.0 = Release|iPhone
		{039F0242-BFCC-4D76-B2CC-A6B2B65F432F}.Release|iPhone.Deploy.0 = Release|iPhone
		{039F0242-BFCC-4D76-B2CC-A6B2B65F432F}.Release|iPhoneSimulator.ActiveCfg = Release|iPhoneSimulator
		{039F0242-BFCC-4D76-B2CC-A6B2B65F432F}.Release|iPhoneSimulator.Build.0 = Release|iPhoneSimulator
		{039F0242-BFCC-4D76-B2CC-A6B2B65F432F}.Release|iPhoneSimulator.Deploy.0 = Release|iPhoneSimulator
		{E6B033B9-CBD5-41FB-8B35-A0C3F776CDEB}.Debug|Any CPU.ActiveCfg = Debug|Any CPU
		{E6B033B9-CBD5-41FB-8B35-A0C3F776CDEB}.Debug|Any CPU.Build.0 = Debug|Any CPU
		{E6B033B9-CBD5-41FB-8B35-A0C3F776CDEB}.Debug|Any CPU.Deploy.0 = Debug|Any CPU
		{E6B033B9-CBD5-41FB-8B35-A0C3F776CDEB}.Debug|iPhone.ActiveCfg = Debug|Any CPU
		{E6B033B9-CBD5-41FB-8B35-A0C3F776CDEB}.Debug|iPhone.Build.0 = Debug|Any CPU
		{E6B033B9-CBD5-41FB-8B35-A0C3F776CDEB}.Debug|iPhone.Deploy.0 = Debug|Any CPU
		{E6B033B9-CBD5-41FB-8B35-A0C3F776CDEB}.Debug|iPhoneSimulator.ActiveCfg = Debug|Any CPU
		{E6B033B9-CBD5-41FB-8B35-A0C3F776CDEB}.Debug|iPhoneSimulator.Build.0 = Debug|Any CPU
		{E6B033B9-CBD5-41FB-8B35-A0C3F776CDEB}.Debug|iPhoneSimulator.Deploy.0 = Debug|Any CPU
		{E6B033B9-CBD5-41FB-8B35-A0C3F776CDEB}.Release|Any CPU.ActiveCfg = Release|Any CPU
		{E6B033B9-CBD5-41FB-8B35-A0C3F776CDEB}.Release|Any CPU.Build.0 = Release|Any CPU
		{E6B033B9-CBD5-41FB-8B35-A0C3F776CDEB}.Release|Any CPU.Deploy.0 = Release|Any CPU
		{E6B033B9-CBD5-41FB-8B35-A0C3F776CDEB}.Release|iPhone.ActiveCfg = Release|Any CPU
		{E6B033B9-CBD5-41FB-8B35-A0C3F776CDEB}.Release|iPhone.Build.0 = Release|Any CPU
		{E6B033B9-CBD5-41FB-8B35-A0C3F776CDEB}.Release|iPhone.Deploy.0 = Release|Any CPU
		{E6B033B9-CBD5-41FB-8B35-A0C3F776CDEB}.Release|iPhoneSimulator.ActiveCfg = Release|Any CPU
		{E6B033B9-CBD5-41FB-8B35-A0C3F776CDEB}.Release|iPhoneSimulator.Build.0 = Release|Any CPU
		{E6B033B9-CBD5-41FB-8B35-A0C3F776CDEB}.Release|iPhoneSimulator.Deploy.0 = Release|Any CPU
	EndGlobalSection
	GlobalSection(SolutionProperties) = preSolution
		HideSolutionNode = FALSE
	EndGlobalSection
	GlobalSection(ExtensibilityGlobals) = postSolution
		SolutionGuid = {1080092A-05E4-4D64-BAFF-1ADC102792FD}
	EndGlobalSection
EndGlobal
